
Microsoft Visual Studio Solution File, Format Version 12.00
# Visual Studio Version 17
VisualStudioVersion = 17.14.36408.4 d17.14
MinimumVisualStudioVersion = 10.0.40219.1
Project("{888888A0-9F3D-457C-B088-3A5042F75D52}") = "3MLIDTS-AlexConde-03py", "3MLIDTS-AlexConde-03py.pyproj", "{6B35221C-8A15-4427-93D0-EB218601741E}"
EndProject
Global
	GlobalSection(SolutionConfigurationPlatforms) = preSolution
		Debug|Any CPU = Debug|Any CPU
		Release|Any CPU = Release|Any CPU
	EndGlobalSection
	GlobalSection(ProjectConfigurationPlatforms) = postSolution
		{6B35221C-8A15-4427-93D0-EB218601741E}.Debug|Any CPU.ActiveCfg = Debug|Any CPU
		{6B35221C-8A15-4427-93D0-EB218601741E}.Release|Any CPU.ActiveCfg = Release|Any CPU
	EndGlobalSection
	GlobalSection(SolutionProperties) = preSolution
		HideSolutionNode = FALSE
	EndGlobalSection
	GlobalSection(ExtensibilityGlobals) = postSolution
		SolutionGuid = {7D404D6D-03F1-4742-8FF5-FE7C82987305}
	EndGlobalSection
EndGlobal
